
Microsoft Visual Studio Solution File, Format Version 12.00
# Visual Studio Version 17
VisualStudioVersion = 17.13.35806.99 d17.13
MinimumVisualStudioVersion = 10.0.40219.1
Project("{FAE04EC0-301F-11D3-BF4B-00C04F79EFBC}") = "Learn ASP", "Learn ASP\Learn ASP.csproj", "{9F22B8E8-C088-4058-B1AD-D736C21EE1C8}"
EndProject
Global
	GlobalSection(SolutionConfigurationPlatforms) = preSolution
		Debug|Any CPU = Debug|Any CPU
		Release|Any CPU = Release|Any CPU
	EndGlobalSection
	GlobalSection(ProjectConfigurationPlatforms) = postSolution
		{9F22B8E8-C088-4058-B1AD-D736C21EE1C8}.Debug|Any CPU.ActiveCfg = Debug|Any CPU
		{9F22B8E8-C088-4058-B1AD-D736C21EE1C8}.Debug|Any CPU.Build.0 = Debug|Any CPU
		{9F22B8E8-C088-4058-B1AD-D736C21EE1C8}.Release|Any CPU.ActiveCfg = Release|Any CPU
		{9F22B8E8-C088-4058-B1AD-D736C21EE1C8}.Release|Any CPU.Build.0 = Release|Any CPU
	EndGlobalSection
	GlobalSection(SolutionProperties) = preSolution
		HideSolutionNode = FALSE
	EndGlobalSection
	GlobalSection(ExtensibilityGlobals) = postSolution
		SolutionGuid = {9B3E81B4-AF9D-4CAC-8030-C86FF4B2E1D5}
	EndGlobalSection
EndGlobal
